<?xml version="1.0" encoding="UTF-8"?>
<Scheme
   LastUpgradeVersion = "2620"
   version = "1.7">
   <BuildAction
      parallelizeBuildables = "YES"
      buildImplicitDependencies = "YES"
      buildArchitectures = "Automatic">
      <BuildActionEntries>
         <BuildActionEntry
            buildForTesting = "YES"
            buildForRunning = "YES"
            buildForProfiling = "YES"
            buildForArchiving = "YES"
            buildForAnalyzing = "YES">
            <BuildableReference
               BuildableIdentifier = "primary"
               BlueprintIdentifier = "7AAFF7D52F76D6AE00C9B9A8"
               BuildableName = "ITXEcommerce.app"
               BlueprintName = "ITXEcommerce"
               ReferencedContainer = "container:ITXEcommerce.xcodeproj">
            </BuildableReference>
         </BuildActionEntry>
      </BuildActionEntries>
   </BuildAction>
   <TestAction
      buildConfiguration = "Debug_STAGE"
      selectedDebuggerIdentifier = "Xcode.DebuggerFoundation.Debugger.LLDB"
      selectedLauncherIdentifier = "Xcode.DebuggerFoundation.Launcher.LLDB"
      shouldUseLaunchSchemeArgsEnv = "YES">
      <TestPlans>
         <TestPlanReference
            reference = "container:ITXEcommerce/App/Configuration/ITXEcommerce-STAGE.xctestplan"
            default = "YES">
         </TestPlanReference>
      </TestPlans>
      <Testables>
         <TestableReference
            skipped = "NO"
            parallelizable = "YES">
            <BuildableReference
               BuildableIdentifier = "primary"
               BlueprintIdentifier = "7AAFF7E62F76D6AF00C9B9A8"
               BuildableName = "ITXEcommerceTests.xctest"
               BlueprintName = "ITXEcommerceTests"
               ReferencedContainer = "container:ITXEcommerce.xcodeproj">
            </BuildableReference>
         </TestableReference>
         <TestableReference
            skipped = "NO"
            parallelizable = "YES">
            <BuildableReference
               BuildableIdentifier = "primary"
               BlueprintIdentifier = "7AAFF7F02F76D6AF00C9B9A8"
               BuildableName = "ITXEcommerceUITests.xctest"
               BlueprintName = "ITXEcommerceUITests"
               ReferencedContainer = "container:ITXEcommerce.xcodeproj">
            </BuildableReference>
         </TestableReference>
      </Testables>
   </TestAction>
   <LaunchAction
      buildConfiguration = "Debug_STAGE"
      selectedDebuggerIdentifier = "Xcode.DebuggerFoundation.Debugger.LLDB"
      selectedLauncherIdentifier = "Xcode.DebuggerFoundation.Launcher.LLDB"
      launchStyle = "0"
      useCustomWorkingDirectory = "NO"
      ignoresPersistentStateOnLaunch = "NO"
      debugDocumentVersioning = "YES"
      debugServiceExtension = "internal"
      allowLocationSimulation = "YES">
      <BuildableProductRunnable
         runnableDebuggingMode = "0">
         <BuildableReference
            BuildableIdentifier = "primary"
            BlueprintIdentifier = "7AAFF7D52F76D6AE00C9B9A8"
            BuildableName = "ITXEcommerce.app"
            BlueprintName = "ITXEcommerce"
            ReferencedContainer = "container:ITXEcommerce.xcodeproj">
         </BuildableReference>
      </BuildableProductRunnable>
   </LaunchAction>
   <ProfileAction
      buildConfiguration = "Release_STAGE"
      shouldUseLaunchSchemeArgsEnv = "YES"
      savedToolIdentifier = ""
      useCustomWorkingDirectory = "NO"
      debugDocumentVersioning = "YES">
      <BuildableProductRunnable
         runnableDebuggingMode = "0">
         <BuildableReference
            BuildableIdentifier = "primary"
            BlueprintIdentifier = "7AAFF7D52F76D6AE00C9B9A8"
            BuildableName = "ITXEcommerce.app"
            BlueprintName = "ITXEcommerce"
            ReferencedContainer = "container:ITXEcommerce.xcodeproj">
         </BuildableReference>
      </BuildableProductRunnable>
   </ProfileAction>
   <AnalyzeAction
      buildConfiguration = "Debug_STAGE">
   </AnalyzeAction>
   <ArchiveAction
      buildConfiguration = "Release_STAGE"
      revealArchiveInOrganizer = "YES">
   </ArchiveAction>
</Scheme>
